{
  "name": "radiocalico",
  "version": "1.0.0",
  "lockfileVersion": 3,
  "requires": true,
  "packages": {
    "": {
      "name": "radiocalico",
      "version": "1.0.0",
      "dependencies": {
        "hls.js": "^1.5.15"
      },
      "engines": {
        "node": ">=16.0.0",
        "npm": ">=8.0.0"
      }
    },
    "node_modules/hls.js": {
      "version": "1.5.15",
      "resolved": "https://registry.npmjs.org/hls.js/-/hls.js-1.5.15.tgz",
      "integrity": "sha512-cXqMMYOT7kzlaFXD+QXdZJESpJT+0VA3xN+SD+DPFd/xU2jdAHoVwkJ3YGRSo7r5zUTDB7Nu0BZEJDlLkLJJmoQ=="
    }
  }
}
